
Microsoft Visual Studio Solution File, Format Version 12.00
# Visual Studio Version 16
VisualStudioVersion = 16.0.32126.315
MinimumVisualStudioVersion = 10.0.40219.1
Project("{FAE04EC0-301F-11D3-BF4B-00C04F79EFBC}") = "TestPublishProject", "TestPublishProject.csproj", "{438E3B81-BCE9-4F03-BF2E-C0D449C5E8C5}"
EndProject
Global
	GlobalSection(SolutionConfigurationPlatforms) = preSolution
		Debug|Any CPU = Debug|Any CPU
		Release|Any CPU = Release|Any CPU
	EndGlobalSection
	GlobalSection(ProjectConfigurationPlatforms) = postSolution
		{438E3B81-BCE9-4F03-BF2E-C0D449C5E8C5}.Debug|Any CPU.ActiveCfg = Debug|Any CPU
		{438E3B81-BCE9-4F03-BF2E-C0D449C5E8C5}.Debug|Any CPU.Build.0 = Debug|Any CPU
		{438E3B81-BCE9-4F03-BF2E-C0D449C5E8C5}.Release|Any CPU.ActiveCfg = Release|Any CPU
		{438E3B81-BCE9-4F03-BF2E-C0D449C5E8C5}.Release|Any CPU.Build.0 = Release|Any CPU
	EndGlobalSection
	GlobalSection(SolutionProperties) = preSolution
		HideSolutionNode = FALSE
	EndGlobalSection
	GlobalSection(ExtensibilityGlobals) = postSolution
		SolutionGuid = {6B124211-C024-456C-8C01-BEAE96F54BA6}
	EndGlobalSection
EndGlobal
